
Microsoft Visual Studio Solution File, Format Version 12.00
# Visual Studio Version 17
VisualStudioVersion = 17.4.33103.184
MinimumVisualStudioVersion = 10.0.40219.1
Project("{9A19103F-16F7-4668-BE54-9A1E7A4F7556}") = "DDD.Core", "DDD.Core\DDD.Core.csproj", "{091BBF28-A061-40E2-91FB-A04EB4F573DB}"
EndProject
Project("{9A19103F-16F7-4668-BE54-9A1E7A4F7556}") = "DDD.Chess", "DDD.Chess\DDD.Chess.csproj", "{71E5B266-5992-4BBD-94A4-8FAD856CD968}"
EndProject
Project("{9A19103F-16F7-4668-BE54-9A1E7A4F7556}") = "DDD.Chess.Tests", "DDD.Chess.Tests\DDD.Chess.Tests.csproj", "{6DB858E8-08BE-4F0C-93D3-63611D6A5BE0}"
EndProject
Project("{FAE04EC0-301F-11D3-BF4B-00C04F79EFBC}") = "API", "API\API.csproj", "{0D6B781C-890E-42DF-9158-16EA98FCA62B}"
EndProject
Project("{FAE04EC0-301F-11D3-BF4B-00C04F79EFBC}") = "Events.Db", "DB\Events.Db.csproj", "{24808C46-036F-493A-8C7B-432A47248485}"
EndProject
Project("{FAE04EC0-301F-11D3-BF4B-00C04F79EFBC}") = "DDD.Chess.App", "DDD.Chess.App\DDD.Chess.App.csproj", "{57115B4D-4ECF-4ABC-B7C6-7F383DFC0476}"
EndProject
Project("{FAE04EC0-301F-11D3-BF4B-00C04F79EFBC}") = "Events.Db.Models", "Events.Db.Models\Events.Db.Models.csproj", "{1F3F263E-D3B6-4A9E-A75E-9DE6B55CBEA1}"
EndProject
Global
	GlobalSection(SolutionConfigurationPlatforms) = preSolution
		Debug|Any CPU = Debug|Any CPU
		Release|Any CPU = Release|Any CPU
	EndGlobalSection
	GlobalSection(ProjectConfigurationPlatforms) = postSolution
		{091BBF28-A061-40E2-91FB-A04EB4F573DB}.Debug|Any CPU.ActiveCfg = Debug|Any CPU
		{091BBF28-A061-40E2-91FB-A04EB4F573DB}.Debug|Any CPU.Build.0 = Debug|Any CPU
		{091BBF28-A061-40E2-91FB-A04EB4F573DB}.Release|Any CPU.ActiveCfg = Release|Any CPU
		{091BBF28-A061-40E2-91FB-A04EB4F573DB}.Release|Any CPU.Build.0 = Release|Any CPU
		{71E5B266-5992-4BBD-94A4-8FAD856CD968}.Debug|Any CPU.ActiveCfg = Debug|Any CPU
		{71E5B266-5992-4BBD-94A4-8FAD856CD968}.Debug|Any CPU.Build.0 = Debug|Any CPU
		{71E5B266-5992-4BBD-94A4-8FAD856CD968}.Release|Any CPU.ActiveCfg = Release|Any CPU
		{71E5B266-5992-4BBD-94A4-8FAD856CD968}.Release|Any CPU.Build.0 = Release|Any CPU
		{6DB858E8-08BE-4F0C-93D3-63611D6A5BE0}.Debug|Any CPU.ActiveCfg = Debug|Any CPU
		{6DB858E8-08BE-4F0C-93D3-63611D6A5BE0}.Debug|Any CPU.Build.0 = Debug|Any CPU
		{6DB858E8-08BE-4F0C-93D3-63611D6A5BE0}.Release|Any CPU.ActiveCfg = Release|Any CPU
		{6DB858E8-08BE-4F0C-93D3-63611D6A5BE0}.Release|Any CPU.Build.0 = Release|Any CPU
		{0D6B781C-890E-42DF-9158-16EA98FCA62B}.Debug|Any CPU.ActiveCfg = Debug|Any CPU
		{0D6B781C-890E-42DF-9158-16EA98FCA62B}.Debug|Any CPU.Build.0 = Debug|Any CPU
		{0D6B781C-890E-42DF-9158-16EA98FCA62B}.Release|Any CPU.ActiveCfg = Release|Any CPU
		{0D6B781C-890E-42DF-9158-16EA98FCA62B}.Release|Any CPU.Build.0 = Release|Any CPU
		{24808C46-036F-493A-8C7B-432A47248485}.Debug|Any CPU.ActiveCfg = Debug|Any CPU
		{24808C46-036F-493A-8C7B-432A47248485}.Debug|Any CPU.Build.0 = Debug|Any CPU
		{24808C46-036F-493A-8C7B-432A47248485}.Release|Any CPU.ActiveCfg = Release|Any CPU
		{24808C46-036F-493A-8C7B-432A47248485}.Release|Any CPU.Build.0 = Release|Any CPU
		{57115B4D-4ECF-4ABC-B7C6-7F383DFC0476}.Debug|Any CPU.ActiveCfg = Debug|Any CPU
		{57115B4D-4ECF-4ABC-B7C6-7F383DFC0476}.Debug|Any CPU.Build.0 = Debug|Any CPU
		{57115B4D-4ECF-4ABC-B7C6-7F383DFC0476}.Release|Any CPU.ActiveCfg = Release|Any CPU
		{57115B4D-4ECF-4ABC-B7C6-7F383DFC0476}.Release|Any CPU.Build.0 = Release|Any CPU
		{1F3F263E-D3B6-4A9E-A75E-9DE6B55CBEA1}.Debug|Any CPU.ActiveCfg = Debug|Any CPU
		{1F3F263E-D3B6-4A9E-A75E-9DE6B55CBEA1}.Debug|Any CPU.Build.0 = Debug|Any CPU
		{1F3F263E-D3B6-4A9E-A75E-9DE6B55CBEA1}.Release|Any CPU.ActiveCfg = Release|Any CPU
		{1F3F263E-D3B6-4A9E-A75E-9DE6B55CBEA1}.Release|Any CPU.Build.0 = Release|Any CPU
	EndGlobalSection
	GlobalSection(SolutionProperties) = preSolution
		HideSolutionNode = FALSE
	EndGlobalSection
	GlobalSection(ExtensibilityGlobals) = postSolution
		SolutionGuid = {F057B072-3E6D-4694-8267-BD61A83CB50B}
	EndGlobalSection
EndGlobal
